
Microsoft Visual Studio Solution File, Format Version 12.00
# Visual Studio 15
VisualStudioVersion = 15.0.27428.2037
MinimumVisualStudioVersion = 10.0.40219.1
Project("{FAE04EC0-301F-11D3-BF4B-00C04F79EFBC}") = "NatalCard", "NatalCard\NatalCard.csproj", "{798C0EDD-36B3-445F-AAE7-6B74341F0CEA}"
EndProject
Global
	GlobalSection(SolutionConfigurationPlatforms) = preSolution
		Debug|Any CPU = Debug|Any CPU
		Release|Any CPU = Release|Any CPU
	EndGlobalSection
	GlobalSection(ProjectConfigurationPlatforms) = postSolution
		{798C0EDD-36B3-445F-AAE7-6B74341F0CEA}.Debug|Any CPU.ActiveCfg = Debug|Any CPU
		{798C0EDD-36B3-445F-AAE7-6B74341F0CEA}.Debug|Any CPU.Build.0 = Debug|Any CPU
		{798C0EDD-36B3-445F-AAE7-6B74341F0CEA}.Release|Any CPU.ActiveCfg = Release|Any CPU
		{798C0EDD-36B3-445F-AAE7-6B74341F0CEA}.Release|Any CPU.Build.0 = Release|Any CPU
	EndGlobalSection
	GlobalSection(SolutionProperties) = preSolution
		HideSolutionNode = FALSE
	EndGlobalSection
	GlobalSection(ExtensibilityGlobals) = postSolution
		SolutionGuid = {43863B0E-83FC-4A3A-AE74-64D3ACAE4E42}
	EndGlobalSection
EndGlobal
